// !$*UTF8*$!
{
	archiveVersion = 1;
	classes = {
	};
	objectVersion = 56;
	objects = {

/* Begin PBXBuildFile section */
		836DF6402C2BE977009D2322 /* AppDelegate.swift in Sources */ = {isa = PBXBuildFile; fileRef = 836DF63F2C2BE977009D2322 /* AppDelegate.swift */; };
		836DF6422C2BE978009D2322 /* SceneDelegate.swift in Sources */ = {isa = PBXBuildFile; fileRef = 836DF6412C2BE978009D2322 /* SceneDelegate.swift */; };
		836DF6442C2BE978009D2322 /* ViewController.swift in Sources */ = {isa = PBXBuildFile; fileRef = 836DF6432C2BE978009D2322 /* ViewController.swift */; };
		836DF6492C2BE97A009D2322 /* Assets.xcassets in Resources */ = {isa = PBXBuildFile; fileRef = 836DF6482C2BE97A009D2322 /* Assets.xcassets */; };
		836DF64C2C2BE97A009D2322 /* LaunchScreen.storyboard in Resources */ = {isa = PBXBuildFile; fileRef = 836DF64A2C2BE97A009D2322 /* LaunchScreen.storyboard */; };
		836DF65B2C2BEEC6009D2322 /* PDF_example.pdf in Resources */ = {isa = PBXBuildFile; fileRef = 836DF6552C2BEEC6009D2322 /* PDF_example.pdf */; };
		836DF65C2C2BEEC6009D2322 /* Word_example.docx in Resources */ = {isa = PBXBuildFile; fileRef = 836DF6562C2BEEC6009D2322 /* Word_example.docx */; };
		836DF65D2C2BEEC6009D2322 /* Pages_example.pages in Resources */ = {isa = PBXBuildFile; fileRef = 836DF6572C2BEEC6009D2322 /* Pages_example.pages */; };
		836DF65E2C2BEEC6009D2322 /* Image_example.jpg in Resources */ = {isa = PBXBuildFile; fileRef = 836DF6582C2BEEC6009D2322 /* Image_example.jpg */; };
		836DF65F2C2BEEC6009D2322 /* Keynote_example.key in Resources */ = {isa = PBXBuildFile; fileRef = 836DF6592C2BEEC6009D2322 /* Keynote_example.key */; };
		836DF6602C2BEEC6009D2322 /* cup_saucer_set.usdz in Resources */ = {isa = PBXBuildFile; fileRef = 836DF65A2C2BEEC6009D2322 /* cup_saucer_set.usdz */; };
		836DF6622C2BEEF6009D2322 /* PreviewTypeCell.swift in Sources */ = {isa = PBXBuildFile; fileRef = 836DF6612C2BEEF6009D2322 /* PreviewTypeCell.swift */; };
		836DF6642C2BEF4A009D2322 /* PreviewSb.storyboard in Resources */ = {isa = PBXBuildFile; fileRef = 836DF6632C2BEF4A009D2322 /* PreviewSb.storyboard */; };
/* End PBXBuildFile section */

/* Begin PBXFileReference section */
		836DF63C2C2BE977009D2322 /* QuickLookExtentionViewDoc.app */ = {isa = PBXFileReference; explicitFileType = wrapper.application; includeInIndex = 0; path = QuickLookExtentionViewDoc.app; sourceTree = BUILT_PRODUCTS_DIR; };
		836DF63F2C2BE977009D2322 /* AppDelegate.swift */ = {isa = PBXFileReference; lastKnownFileType = sourcecode.swift; path = AppDelegate.swift; sourceTree = "<group>"; };
		836DF6412C2BE978009D2322 /* SceneDelegate.swift */ = {isa = PBXFileReference; lastKnownFileType = sourcecode.swift; path = SceneDelegate.swift; sourceTree = "<group>"; };
		836DF6432C2BE978009D2322 /* ViewController.swift */ = {isa = PBXFileReference; lastKnownFileType = sourcecode.swift; path = ViewController.swift; sourceTree = "<group>"; };
		836DF6482C2BE97A009D2322 /* Assets.xcassets */ = {isa = PBXFileReference; lastKnownFileType = folder.assetcatalog; path = Assets.xcassets; sourceTree = "<group>"; };
		836DF64B2C2BE97A009D2322 /* Base */ = {isa = PBXFileReference; lastKnownFileType = file.storyboard; name = Base; path = Base.lproj/LaunchScreen.storyboard; sourceTree = "<group>"; };
		836DF64D2C2BE97A009D2322 /* Info.plist */ = {isa = PBXFileReference; lastKnownFileType = text.plist.xml; path = Info.plist; sourceTree = "<group>"; };
		836DF6532C2BEA33009D2322 /* Cocoapods Installation for M1,M2,M3.key */ = {isa = PBXFileReference; lastKnownFileType = file; path = "Cocoapods Installation for M1,M2,M3.key"; sourceTree = "<group>"; };
		836DF6552C2BEEC6009D2322 /* PDF_example.pdf */ = {isa = PBXFileReference; lastKnownFileType = image.pdf; path = PDF_example.pdf; sourceTree = "<group>"; };
		836DF6562C2BEEC6009D2322 /* Word_example.docx */ = {isa = PBXFileReference; lastKnownFileType = file; path = Word_example.docx; sourceTree = "<group>"; };
		836DF6572C2BEEC6009D2322 /* Pages_example.pages */ = {isa = PBXFileReference; lastKnownFileType = file; path = Pages_example.pages; sourceTree = "<group>"; };
		836DF6582C2BEEC6009D2322 /* Image_example.jpg */ = {isa = PBXFileReference; lastKnownFileType = image.jpeg; path = Image_example.jpg; sourceTree = "<group>"; };
		836DF6592C2BEEC6009D2322 /* Keynote_example.key */ = {isa = PBXFileReference; lastKnownFileType = file; path = Keynote_example.key; sourceTree = "<group>"; };
		836DF65A2C2BEEC6009D2322 /* cup_saucer_set.usdz */ = {isa = PBXFileReference; lastKnownFileType = file.usdz; path = cup_saucer_set.usdz; sourceTree = "<group>"; };
		836DF6612C2BEEF6009D2322 /* PreviewTypeCell.swift */ = {isa = PBXFileReference; lastKnownFileType = sourcecode.swift; path = PreviewTypeCell.swift; sourceTree = "<group>"; };
		836DF6632C2BEF4A009D2322 /* PreviewSb.storyboard */ = {isa = PBXFileReference; lastKnownFileType = file.storyboard; path = PreviewSb.storyboard; sourceTree = "<group>"; };
/* End PBXFileReference section */

/* Begin PBXFrameworksBuildPhase section */
		836DF6392C2BE977009D2322 /* Frameworks */ = {
			isa = PBXFrameworksBuildPhase;
			buildActionMask = 2147483647;
			files = (
			);
			runOnlyForDeploymentPostprocessing = 0;
		};
/* End PBXFrameworksBuildPhase section */

/* Begin PBXGroup section */
		836DF6332C2BE977009D2322 = {
			isa = PBXGroup;
			children = (
				836DF63E2C2BE977009D2322 /* QuickLookExtentionViewDoc */,
				836DF63D2C2BE977009D2322 /* Products */,
			);
			sourceTree = "<group>";
		};
		836DF63D2C2BE977009D2322 /* Products */ = {
			isa = PBXGroup;
			children = (
				836DF63C2C2BE977009D2322 /* QuickLookExtentionViewDoc.app */,
			);
			name = Products;
			sourceTree = "<group>";
		};
		836DF63E2C2BE977009D2322 /* QuickLookExtentionViewDoc */ = {
			isa = PBXGroup;
			children = (
				836DF6542C2BEEC6009D2322 /* Content */,
				836DF63F2C2BE977009D2322 /* AppDelegate.swift */,
				836DF6412C2BE978009D2322 /* SceneDelegate.swift */,
				836DF6432C2BE978009D2322 /* ViewController.swift */,
				836DF6612C2BEEF6009D2322 /* PreviewTypeCell.swift */,
				836DF6632C2BEF4A009D2322 /* PreviewSb.storyboard */,
				836DF6482C2BE97A009D2322 /* Assets.xcassets */,
				836DF64A2C2BE97A009D2322 /* LaunchScreen.storyboard */,
				836DF64D2C2BE97A009D2322 /* Info.plist */,
			);
			path = QuickLookExtentionViewDoc;
			sourceTree = "<group>";
		};
		836DF6542C2BEEC6009D2322 /* Content */ = {
			isa = PBXGroup;
			children = (
				836DF6532C2BEA33009D2322 /* Cocoapods Installation for M1,M2,M3.key */,
				836DF6552C2BEEC6009D2322 /* PDF_example.pdf */,
				836DF6562C2BEEC6009D2322 /* Word_example.docx */,
				836DF6572C2BEEC6009D2322 /* Pages_example.pages */,
				836DF6582C2BEEC6009D2322 /* Image_example.jpg */,
				836DF6592C2BEEC6009D2322 /* Keynote_example.key */,
				836DF65A2C2BEEC6009D2322 /* cup_saucer_set.usdz */,
			);
			path = Content;
			sourceTree = "<group>";
		};
/* End PBXGroup section */

/* Begin PBXNativeTarget section */
		836DF63B2C2BE977009D2322 /* QuickLookExtentionViewDoc */ = {
			isa = PBXNativeTarget;
			buildConfigurationList = 836DF6502C2BE97A009D2322 /* Build configuration list for PBXNativeTarget "QuickLookExtentionViewDoc" */;
			buildPhases = (
				836DF6382C2BE977009D2322 /* Sources */,
				836DF6392C2BE977009D2322 /* Frameworks */,
				836DF63A2C2BE977009D2322 /* Resources */,
			);
			buildRules = (
			);
			dependencies = (
			);
			name = QuickLookExtentionViewDoc;
			productName = QuickLookExtentionViewDoc;
			productReference = 836DF63C2C2BE977009D2322 /* QuickLookExtentionViewDoc.app */;
			productType = "com.apple.product-type.application";
		};
/* End PBXNativeTarget section */

/* Begin PBXProject section */
		836DF6342C2BE977009D2322 /* Project object */ = {
			isa = PBXProject;
			attributes = {
				BuildIndependentTargetsInParallel = 1;
				LastSwiftUpdateCheck = 1520;
				LastUpgradeCheck = 1520;
				TargetAttributes = {
					836DF63B2C2BE977009D2322 = {
						CreatedOnToolsVersion = 15.2;
					};
				};
			};
			buildConfigurationList = 836DF6372C2BE977009D2322 /* Build configuration list for PBXProject "QuickLookExtentionViewDoc" */;
			compatibilityVersion = "Xcode 14.0";
			developmentRegion = en;
			hasScannedForEncodings = 0;
			knownRegions = (
				en,
				Base,
			);
			mainGroup = 836DF6332C2BE977009D2322;
			productRefGroup = 836DF63D2C2BE977009D2322 /* Products */;
			projectDirPath = "";
			projectRoot = "";
			targets = (
				836DF63B2C2BE977009D2322 /* QuickLookExtentionViewDoc */,
			);
		};
/* End PBXProject section */

/* Begin PBXResourcesBuildPhase section */
		836DF63A2C2BE977009D2322 /* Resources */ = {
			isa = PBXResourcesBuildPhase;
			buildActionMask = 2147483647;
			files = (
				836DF65D2C2BEEC6009D2322 /* Pages_example.pages in Resources */,
				836DF65E2C2BEEC6009D2322 /* Image_example.jpg in Resources */,
				836DF6602C2BEEC6009D2322 /* cup_saucer_set.usdz in Resources */,
				836DF65B2C2BEEC6009D2322 /* PDF_example.pdf in Resources */,
				836DF64C2C2BE97A009D2322 /* LaunchScreen.storyboard in Resources */,
				836DF65F2C2BEEC6009D2322 /* Keynote_example.key in Resources */,
				836DF6642C2BEF4A009D2322 /* PreviewSb.storyboard in Resources */,
				836DF6492C2BE97A009D2322 /* Assets.xcassets in Resources */,
				836DF65C2C2BEEC6009D2322 /* Word_example.docx in Resources */,
			);
			runOnlyForDeploymentPostprocessing = 0;
		};
/* End PBXResourcesBuildPhase section */

/* Begin PBXSourcesBuildPhase section */
		836DF6382C2BE977009D2322 /* Sources */ = {
			isa = PBXSourcesBuildPhase;
			buildActionMask = 2147483647;
			files = (
				836DF6622C2BEEF6009D2322 /* PreviewTypeCell.swift in Sources */,
				836DF6442C2BE978009D2322 /* ViewController.swift in Sources */,
				836DF6402C2BE977009D2322 /* AppDelegate.swift in Sources */,
				836DF6422C2BE978009D2322 /* SceneDelegate.swift in Sources */,
			);
			runOnlyForDeploymentPostprocessing = 0;
		};
/* End PBXSourcesBuildPhase section */

/* Begin PBXVariantGroup section */
		836DF64A2C2BE97A009D2322 /* LaunchScreen.storyboard */ = {
			isa = PBXVariantGroup;
			children = (
				836DF64B2C2BE97A009D2322 /* Base */,
			);
			name = LaunchScreen.storyboard;
			sourceTree = "<group>";
		};
/* End PBXVariantGroup section */

/* Begin XCBuildConfiguration section */
		836DF64E2C2BE97A009D2322 /* Debug */ = {
			isa = XCBuildConfiguration;
			buildSettings = {
				ALWAYS_SEARCH_USER_PATHS = NO;
				ASSETCATALOG_COMPILER_GENERATE_SWIFT_ASSET_SYMBOL_EXTENSIONS = YES;
				CLANG_ANALYZER_NONNULL = YES;
				CLANG_ANALYZER_NUMBER_OBJECT_CONVERSION = YES_AGGRESSIVE;
				CLANG_CXX_LANGUAGE_STANDARD = "gnu++20";
				CLANG_ENABLE_MODULES = YES;
				CLANG_ENABLE_OBJC_ARC = YES;
				CLANG_ENABLE_OBJC_WEAK = YES;
				CLANG_WARN_BLOCK_CAPTURE_AUTORELEASING = YES;
				CLANG_WARN_BOOL_CONVERSION = YES;
				CLANG_WARN_COMMA = YES;
				CLANG_WARN_CONSTANT_CONVERSION = YES;
				CLANG_WARN_DEPRECATED_OBJC_IMPLEMENTATIONS = YES;
				CLANG_WARN_DIRECT_OBJC_ISA_USAGE = YES_ERROR;
				CLANG_WARN_DOCUMENTATION_COMMENTS = YES;
				CLANG_WARN_EMPTY_BODY = YES;
				CLANG_WARN_ENUM_CONVERSION = YES;
				CLANG_WARN_INFINITE_RECURSION = YES;
				CLANG_WARN_INT_CONVERSION = YES;
				CLANG_WARN_NON_LITERAL_NULL_CONVERSION = YES;
				CLANG_WARN_OBJC_IMPLICIT_RETAIN_SELF = YES;
				CLANG_WARN_OBJC_LITERAL_CONVERSION = YES;
				CLANG_WARN_OBJC_ROOT_CLASS = YES_ERROR;
				CLANG_WARN_QUOTED_INCLUDE_IN_FRAMEWORK_HEADER = YES;
				CLANG_WARN_RANGE_LOOP_ANALYSIS = YES;
				CLANG_WARN_STRICT_PROTOTYPES = YES;
				CLANG_WARN_SUSPICIOUS_MOVE = YES;
				CLANG_WARN_UNGUARDED_AVAILABILITY = YES_AGGRESSIVE;
				CLANG_WARN_UNREACHABLE_CODE = YES;
				CLANG_WARN__DUPLICATE_METHOD_MATCH = YES;
				COPY_PHASE_STRIP = NO;
				DEBUG_INFORMATION_FORMAT = dwarf;
				ENABLE_STRICT_OBJC_MSGSEND = YES;
				ENABLE_TESTABILITY = YES;
				ENABLE_USER_SCRIPT_SANDBOXING = YES;
				GCC_C_LANGUAGE_STANDARD = gnu17;
				GCC_DYNAMIC_NO_PIC = NO;
				GCC_NO_COMMON_BLOCKS = YES;
				GCC_OPTIMIZATION_LEVEL = 0;
				GCC_PREPROCESSOR_DEFINITIONS = (
					"DEBUG=1",
					"$(inherited)",
				);
				GCC_WARN_64_TO_32_BIT_CONVERSION = YES;
				GCC_WARN_ABOUT_RETURN_TYPE = YES_ERROR;
				GCC_WARN_UNDECLARED_SELECTOR = YES;
				GCC_WARN_UNINITIALIZED_AUTOS = YES_AGGRESSIVE;
				GCC_WARN_UNUSED_FUNCTION = YES;
				GCC_WARN_UNUSED_VARIABLE = YES;
				IPHONEOS_DEPLOYMENT_TARGET = 17.2;
				LOCALIZATION_PREFERS_STRING_CATALOGS = YES;
				MTL_ENABLE_DEBUG_INFO = INCLUDE_SOURCE;
				MTL_FAST_MATH = YES;
				ONLY_ACTIVE_ARCH = YES;
				SDKROOT = iphoneos;
				SWIFT_ACTIVE_COMPILATION_CONDITIONS = "DEBUG $(inherited)";
				SWIFT_OPTIMIZATION_LEVEL = "-Onone";
			};
			name = Debug;
		};
		836DF64F2C2BE97A009D2322 /* Release */ = {
			isa = XCBuildConfiguration;
			buildSettings = {
				ALWAYS_SEARCH_USER_PATHS = NO;
				ASSETCATALOG_COMPILER_GENERATE_SWIFT_ASSET_SYMBOL_EXTENSIONS = YES;
				CLANG_ANALYZER_NONNULL = YES;
				CLANG_ANALYZER_NUMBER_OBJECT_CONVERSION = YES_AGGRESSIVE;
				CLANG_CXX_LANGUAGE_STANDARD = "gnu++20";
				CLANG_ENABLE_MODULES = YES;
				CLANG_ENABLE_OBJC_ARC = YES;
				CLANG_ENABLE_OBJC_WEAK = YES;
				CLANG_WARN_BLOCK_CAPTURE_AUTORELEASING = YES;
				CLANG_WARN_BOOL_CONVERSION = YES;
				CLANG_WARN_COMMA = YES;
				CLANG_WARN_CONSTANT_CONVERSION = YES;
				CLANG_WARN_DEPRECATED_OBJC_IMPLEMENTATIONS = YES;
				CLANG_WARN_DIRECT_OBJC_ISA_USAGE = YES_ERROR;
				CLANG_WARN_DOCUMENTATION_COMMENTS = YES;
				CLANG_WARN_EMPTY_BODY = YES;
				CLANG_WARN_ENUM_CONVERSION = YES;
				CLANG_WARN_INFINITE_RECURSION = YES;
				CLANG_WARN_INT_CONVERSION = YES;
				CLANG_WARN_NON_LITERAL_NULL_CONVERSION = YES;
				CLANG_WARN_OBJC_IMPLICIT_RETAIN_SELF = YES;
				CLANG_WARN_OBJC_LITERAL_CONVERSION = YES;
				CLANG_WARN_OBJC_ROOT_CLASS = YES_ERROR;
				CLANG_WARN_QUOTED_INCLUDE_IN_FRAMEWORK_HEADER = YES;
				CLANG_WARN_RANGE_LOOP_ANALYSIS = YES;
				CLANG_WARN_STRICT_PROTOTYPES = YES;
				CLANG_WARN_SUSPICIOUS_MOVE = YES;
				CLANG_WARN_UNGUARDED_AVAILABILITY = YES_AGGRESSIVE;
				CLANG_WARN_UNREACHABLE_CODE = YES;
				CLANG_WARN__DUPLICATE_METHOD_MATCH = YES;
				COPY_PHASE_STRIP = NO;
				DEBUG_INFORMATION_FORMAT = "dwarf-with-dsym";
				ENABLE_NS_ASSERTIONS = NO;
				ENABLE_STRICT_OBJC_MSGSEND = YES;
				ENABLE_USER_SCRIPT_SANDBOXING = YES;
				GCC_C_LANGUAGE_STANDARD = gnu17;
				GCC_NO_COMMON_BLOCKS = YES;
				GCC_WARN_64_TO_32_BIT_CONVERSION = YES;
				GCC_WARN_ABOUT_RETURN_TYPE = YES_ERROR;
				GCC_WARN_UNDECLARED_SELECTOR = YES;
				GCC_WARN_UNINITIALIZED_AUTOS = YES_AGGRESSIVE;
				GCC_WARN_UNUSED_FUNCTION = YES;
				GCC_WARN_UNUSED_VARIABLE = YES;
				IPHONEOS_DEPLOYMENT_TARGET = 17.2;
				LOCALIZATION_PREFERS_STRING_CATALOGS = YES;
				MTL_ENABLE_DEBUG_INFO = NO;
				MTL_FAST_MATH = YES;
				SDKROOT = iphoneos;
				SWIFT_COMPILATION_MODE = wholemodule;
				VALIDATE_PRODUCT = YES;
			};
			name = Release;
		};
		836DF6512C2BE97A009D2322 /* Debug */ = {
			isa = XCBuildConfiguration;
			buildSettings = {
				ASSETCATALOG_COMPILER_APPICON_NAME = AppIcon;
				ASSETCATALOG_COMPILER_GLOBAL_ACCENT_COLOR_NAME = AccentColor;
				CODE_SIGN_STYLE = Automatic;
				CURRENT_PROJECT_VERSION = 1;
				DEVELOPMENT_TEAM = 62EMNW6G6D;
				GENERATE_INFOPLIST_FILE = YES;
				INFOPLIST_FILE = QuickLookExtentionViewDoc/Info.plist;
				INFOPLIST_KEY_UIApplicationSupportsIndirectInputEvents = YES;
				INFOPLIST_KEY_UILaunchStoryboardName = LaunchScreen;
				INFOPLIST_KEY_UIMainStoryboardFile = PreviewSb;
				INFOPLIST_KEY_UISupportedInterfaceOrientations_iPad = "UIInterfaceOrientationPortrait UIInterfaceOrientationPortraitUpsideDown UIInterfaceOrientationLandscapeLeft UIInterfaceOrientationLandscapeRight";
				INFOPLIST_KEY_UISupportedInterfaceOrientations_iPhone = "UIInterfaceOrientationPortrait UIInterfaceOrientationLandscapeLeft UIInterfaceOrientationLandscapeRight";
				LD_RUNPATH_SEARCH_PATHS = (
					"$(inherited)",
					"@executable_path/Frameworks",
				);
				MARKETING_VERSION = 1.0;
				PRODUCT_BUNDLE_IDENTIFIER = com.kosign.wegarden.QuickLookExtentionViewDoc;
				PRODUCT_NAME = "$(TARGET_NAME)";
				SWIFT_EMIT_LOC_STRINGS = YES;
				SWIFT_VERSION = 5.0;
				TARGETED_DEVICE_FAMILY = "1,2";
			};
			name = Debug;
		};
		836DF6522C2BE97A009D2322 /* Release */ = {
			isa = XCBuildConfiguration;
			buildSettings = {
				ASSETCATALOG_COMPILER_APPICON_NAME = AppIcon;
				ASSETCATALOG_COMPILER_GLOBAL_ACCENT_COLOR_NAME = AccentColor;
				CODE_SIGN_STYLE = Automatic;
				CURRENT_PROJECT_VERSION = 1;
				DEVELOPMENT_TEAM = 62EMNW6G6D;
				GENERATE_INFOPLIST_FILE = YES;
				INFOPLIST_FILE = QuickLookExtentionViewDoc/Info.plist;
				INFOPLIST_KEY_UIApplicationSupportsIndirectInputEvents = YES;
				INFOPLIST_KEY_UILaunchStoryboardName = LaunchScreen;
				INFOPLIST_KEY_UIMainStoryboardFile = PreviewSb;
				INFOPLIST_KEY_UISupportedInterfaceOrientations_iPad = "UIInterfaceOrientationPortrait UIInterfaceOrientationPortraitUpsideDown UIInterfaceOrientationLandscapeLeft UIInterfaceOrientationLandscapeRight";
				INFOPLIST_KEY_UISupportedInterfaceOrientations_iPhone = "UIInterfaceOrientationPortrait UIInterfaceOrientationLandscapeLeft UIInterfaceOrientationLandscapeRight";
				LD_RUNPATH_SEARCH_PATHS = (
					"$(inherited)",
					"@executable_path/Frameworks",
				);
				MARKETING_VERSION = 1.0;
				PRODUCT_BUNDLE_IDENTIFIER = com.kosign.wegarden.QuickLookExtentionViewDoc;
				PRODUCT_NAME = "$(TARGET_NAME)";
				SWIFT_EMIT_LOC_STRINGS = YES;
				SWIFT_VERSION = 5.0;
				TARGETED_DEVICE_FAMILY = "1,2";
			};
			name = Release;
		};
/* End XCBuildConfiguration section */

/* Begin XCConfigurationList section */
		836DF6372C2BE977009D2322 /* Build configuration list for PBXProject "QuickLookExtentionViewDoc" */ = {
			isa = XCConfigurationList;
			buildConfigurations = (
				836DF64E2C2BE97A009D2322 /* Debug */,
				836DF64F2C2BE97A009D2322 /* Release */,
			);
			defaultConfigurationIsVisible = 0;
			defaultConfigurationName = Release;
		};
		836DF6502C2BE97A009D2322 /* Build configuration list for PBXNativeTarget "QuickLookExtentionViewDoc" */ = {
			isa = XCConfigurationList;
			buildConfigurations = (
				836DF6512C2BE97A009D2322 /* Debug */,
				836DF6522C2BE97A009D2322 /* Release */,
			);
			defaultConfigurationIsVisible = 0;
			defaultConfigurationName = Release;
		};
/* End XCConfigurationList section */
	};
	rootObject = 836DF6342C2BE977009D2322 /* Project object */;
}
